
Microsoft Visual Studio Solution File, Format Version 12.00
# Visual Studio Version 17
VisualStudioVersion = 17.0.32112.339
MinimumVisualStudioVersion = 10.0.40219.1
Project("{9A19103F-16F7-4668-BE54-9A1E7A4F7556}") = "DAL", "DAL\DAL.csproj", "{F17EF155-38A5-457B-BD4F-C672909FA02B}"
EndProject
Project("{9A19103F-16F7-4668-BE54-9A1E7A4F7556}") = "BL", "BL\BL.csproj", "{875B66B8-F317-4B94-9F53-351A4D5024B4}"
EndProject
Project("{9A19103F-16F7-4668-BE54-9A1E7A4F7556}") = "API", "API\API.csproj", "{A7C3198A-6F63-4816-B364-CF4EE3566D8C}"
EndProject
Project("{9A19103F-16F7-4668-BE54-9A1E7A4F7556}") = "MODELS", "MODELS\MODELS.csproj", "{05E3E37C-C704-401F-AC6F-982A99F3E5F3}"
EndProject
Project("{9A19103F-16F7-4668-BE54-9A1E7A4F7556}") = "Web", "Web\Web.csproj", "{9937D943-2DA3-4979-8CB4-CD0002FC34B7}"
EndProject
Global
	GlobalSection(SolutionConfigurationPlatforms) = preSolution
		Debug|Any CPU = Debug|Any CPU
		Release|Any CPU = Release|Any CPU
	EndGlobalSection
	GlobalSection(ProjectConfigurationPlatforms) = postSolution
		{F17EF155-38A5-457B-BD4F-C672909FA02B}.Debug|Any CPU.ActiveCfg = Debug|Any CPU
		{F17EF155-38A5-457B-BD4F-C672909FA02B}.Debug|Any CPU.Build.0 = Debug|Any CPU
		{F17EF155-38A5-457B-BD4F-C672909FA02B}.Release|Any CPU.ActiveCfg = Release|Any CPU
		{F17EF155-38A5-457B-BD4F-C672909FA02B}.Release|Any CPU.Build.0 = Release|Any CPU
		{875B66B8-F317-4B94-9F53-351A4D5024B4}.Debug|Any CPU.ActiveCfg = Debug|Any CPU
		{875B66B8-F317-4B94-9F53-351A4D5024B4}.Debug|Any CPU.Build.0 = Debug|Any CPU
		{875B66B8-F317-4B94-9F53-351A4D5024B4}.Release|Any CPU.ActiveCfg = Release|Any CPU
		{875B66B8-F317-4B94-9F53-351A4D5024B4}.Release|Any CPU.Build.0 = Release|Any CPU
		{A7C3198A-6F63-4816-B364-CF4EE3566D8C}.Debug|Any CPU.ActiveCfg = Debug|Any CPU
		{A7C3198A-6F63-4816-B364-CF4EE3566D8C}.Debug|Any CPU.Build.0 = Debug|Any CPU
		{A7C3198A-6F63-4816-B364-CF4EE3566D8C}.Release|Any CPU.ActiveCfg = Release|Any CPU
		{A7C3198A-6F63-4816-B364-CF4EE3566D8C}.Release|Any CPU.Build.0 = Release|Any CPU
		{05E3E37C-C704-401F-AC6F-982A99F3E5F3}.Debug|Any CPU.ActiveCfg = Debug|Any CPU
		{05E3E37C-C704-401F-AC6F-982A99F3E5F3}.Debug|Any CPU.Build.0 = Debug|Any CPU
		{05E3E37C-C704-401F-AC6F-982A99F3E5F3}.Release|Any CPU.ActiveCfg = Release|Any CPU
		{05E3E37C-C704-401F-AC6F-982A99F3E5F3}.Release|Any CPU.Build.0 = Release|Any CPU
		{9937D943-2DA3-4979-8CB4-CD0002FC34B7}.Debug|Any CPU.ActiveCfg = Debug|Any CPU
		{9937D943-2DA3-4979-8CB4-CD0002FC34B7}.Debug|Any CPU.Build.0 = Debug|Any CPU
		{9937D943-2DA3-4979-8CB4-CD0002FC34B7}.Release|Any CPU.ActiveCfg = Release|Any CPU
		{9937D943-2DA3-4979-8CB4-CD0002FC34B7}.Release|Any CPU.Build.0 = Release|Any CPU
	EndGlobalSection
	GlobalSection(SolutionProperties) = preSolution
		HideSolutionNode = FALSE
	EndGlobalSection
	GlobalSection(ExtensibilityGlobals) = postSolution
		SolutionGuid = {52963237-5EEB-4531-BF8B-62E505535EDD}
	EndGlobalSection
EndGlobal
